
Microsoft Visual Studio Solution File, Format Version 12.00
# Visual Studio Version 17
VisualStudioVersion = 17.9.34728.123
MinimumVisualStudioVersion = 10.0.40219.1
Project("{FAE04EC0-301F-11D3-BF4B-00C04F79EFBC}") = "Person", "Person\Person.csproj", "{392D23A2-E68F-4389-A162-FD43BB199275}"
EndProject
Global
	GlobalSection(SolutionConfigurationPlatforms) = preSolution
		Debug|Any CPU = Debug|Any CPU
		Release|Any CPU = Release|Any CPU
	EndGlobalSection
	GlobalSection(ProjectConfigurationPlatforms) = postSolution
		{392D23A2-E68F-4389-A162-FD43BB199275}.Debug|Any CPU.ActiveCfg = Debug|Any CPU
		{392D23A2-E68F-4389-A162-FD43BB199275}.Debug|Any CPU.Build.0 = Debug|Any CPU
		{392D23A2-E68F-4389-A162-FD43BB199275}.Release|Any CPU.ActiveCfg = Release|Any CPU
		{392D23A2-E68F-4389-A162-FD43BB199275}.Release|Any CPU.Build.0 = Release|Any CPU
	EndGlobalSection
	GlobalSection(SolutionProperties) = preSolution
		HideSolutionNode = FALSE
	EndGlobalSection
	GlobalSection(ExtensibilityGlobals) = postSolution
		SolutionGuid = {393C9990-A1A3-4B6D-B86E-BE5CC316F0BE}
	EndGlobalSection
EndGlobal
